
Microsoft Visual Studio Solution File, Format Version 12.00
# Visual Studio Version 16
VisualStudioVersion = 16.0.31410.357
MinimumVisualStudioVersion = 10.0.40219.1
Project("{9A19103F-16F7-4668-BE54-9A1E7A4F7556}") = "Project-Login", "Project-Login\Project-Login.csproj", "{B122A89C-5D19-4E22-B2A4-C799F3581882}"
EndProject
Project("{FAE04EC0-301F-11D3-BF4B-00C04F79EFBC}") = "models", "models\models.csproj", "{8C338D03-6059-430C-BE43-3BF96BC840FA}"
EndProject
Project("{9A19103F-16F7-4668-BE54-9A1E7A4F7556}") = "DataAccess", "..\CRUDWebAPI\DataAccess\DataAccess.csproj", "{3019BBDD-8FEB-4BF8-A445-9E482D018204}"
EndProject
Project("{9A19103F-16F7-4668-BE54-9A1E7A4F7556}") = "CRUDWebAPI", "..\CRUDWebAPI\CRUDWebAPI\CRUDWebAPI.csproj", "{8A708D2E-19F5-4C44-8904-BC7AE8FC7D79}"
EndProject
Project("{9A19103F-16F7-4668-BE54-9A1E7A4F7556}") = "DataModel", "..\CRUDWebAPI\DataModel\DataModel.csproj", "{60939AA0-134C-428A-8CB0-71063AC56772}"
EndProject
Global
	GlobalSection(SolutionConfigurationPlatforms) = preSolution
		Debug|Any CPU = Debug|Any CPU
		Release|Any CPU = Release|Any CPU
	EndGlobalSection
	GlobalSection(ProjectConfigurationPlatforms) = postSolution
		{B122A89C-5D19-4E22-B2A4-C799F3581882}.Debug|Any CPU.ActiveCfg = Debug|Any CPU
		{B122A89C-5D19-4E22-B2A4-C799F3581882}.Debug|Any CPU.Build.0 = Debug|Any CPU
		{B122A89C-5D19-4E22-B2A4-C799F3581882}.Release|Any CPU.ActiveCfg = Release|Any CPU
		{B122A89C-5D19-4E22-B2A4-C799F3581882}.Release|Any CPU.Build.0 = Release|Any CPU
		{8C338D03-6059-430C-BE43-3BF96BC840FA}.Debug|Any CPU.ActiveCfg = Debug|Any CPU
		{8C338D03-6059-430C-BE43-3BF96BC840FA}.Debug|Any CPU.Build.0 = Debug|Any CPU
		{8C338D03-6059-430C-BE43-3BF96BC840FA}.Release|Any CPU.ActiveCfg = Release|Any CPU
		{8C338D03-6059-430C-BE43-3BF96BC840FA}.Release|Any CPU.Build.0 = Release|Any CPU
		{3019BBDD-8FEB-4BF8-A445-9E482D018204}.Debug|Any CPU.ActiveCfg = Debug|Any CPU
		{3019BBDD-8FEB-4BF8-A445-9E482D018204}.Debug|Any CPU.Build.0 = Debug|Any CPU
		{3019BBDD-8FEB-4BF8-A445-9E482D018204}.Release|Any CPU.ActiveCfg = Release|Any CPU
		{3019BBDD-8FEB-4BF8-A445-9E482D018204}.Release|Any CPU.Build.0 = Release|Any CPU
		{8A708D2E-19F5-4C44-8904-BC7AE8FC7D79}.Debug|Any CPU.ActiveCfg = Debug|Any CPU
		{8A708D2E-19F5-4C44-8904-BC7AE8FC7D79}.Debug|Any CPU.Build.0 = Debug|Any CPU
		{8A708D2E-19F5-4C44-8904-BC7AE8FC7D79}.Release|Any CPU.ActiveCfg = Release|Any CPU
		{8A708D2E-19F5-4C44-8904-BC7AE8FC7D79}.Release|Any CPU.Build.0 = Release|Any CPU
		{60939AA0-134C-428A-8CB0-71063AC56772}.Debug|Any CPU.ActiveCfg = Debug|Any CPU
		{60939AA0-134C-428A-8CB0-71063AC56772}.Debug|Any CPU.Build.0 = Debug|Any CPU
		{60939AA0-134C-428A-8CB0-71063AC56772}.Release|Any CPU.ActiveCfg = Release|Any CPU
		{60939AA0-134C-428A-8CB0-71063AC56772}.Release|Any CPU.Build.0 = Release|Any CPU
	EndGlobalSection
	GlobalSection(SolutionProperties) = preSolution
		HideSolutionNode = FALSE
	EndGlobalSection
	GlobalSection(ExtensibilityGlobals) = postSolution
		SolutionGuid = {738B3152-9480-42C0-BC47-9D4ABA86E3EB}
	EndGlobalSection
EndGlobal
